
Microsoft Visual Studio Solution File, Format Version 11.00
# Visual Studio 2010
Project("{FAE04EC0-301F-11D3-BF4B-00C04F79EFBC}") = "SimpleWebTransport", "SimpleWebTransport.csproj", "{50452E5D-96F5-49C1-1909-9C2A338E4A24}"
EndProject
Project("{FAE04EC0-301F-11D3-BF4B-00C04F79EFBC}") = "Mirror", "Mirror.csproj", "{5FA8326F-D5DD-C1E3-275D-3D05902B0474}"
EndProject
Project("{FAE04EC0-301F-11D3-BF4B-00C04F79EFBC}") = "Telepathy", "Telepathy.csproj", "{E5E5A31B-0827-5EEC-3CBD-E4D77B7FF61B}"
EndProject
Project("{FAE04EC0-301F-11D3-BF4B-00C04F79EFBC}") = "Mirror.Components", "Mirror.Components.csproj", "{46BF11EB-E718-C50D-5F08-797C091B1306}"
EndProject
Project("{FAE04EC0-301F-11D3-BF4B-00C04F79EFBC}") = "Mirror.Examples", "Mirror.Examples.csproj", "{73166D7A-7E4B-2F86-4945-D8E3EFBEF9F7}"
EndProject
Project("{FAE04EC0-301F-11D3-BF4B-00C04F79EFBC}") = "where-allocations", "where-allocations.csproj", "{1C852C78-DEBB-02A7-6D9B-B54AA3AD1394}"
EndProject
Project("{FAE04EC0-301F-11D3-BF4B-00C04F79EFBC}") = "kcp2k", "kcp2k.csproj", "{F297F581-90D0-D4FD-B8C5-472BDC70D4DE}"
EndProject
Project("{FAE04EC0-301F-11D3-BF4B-00C04F79EFBC}") = "Assembly-CSharp", "Assembly-CSharp.csproj", "{F3D776D1-5FBB-7646-6C77-A68CDE0212A0}"
EndProject
Project("{FAE04EC0-301F-11D3-BF4B-00C04F79EFBC}") = "Mirror.Authenticators", "Mirror.Authenticators.csproj", "{4CA8995B-03C4-D944-15C8-4C55856DA96C}"
EndProject
Project("{FAE04EC0-301F-11D3-BF4B-00C04F79EFBC}") = "Unity.Mirror.CodeGen", "Unity.Mirror.CodeGen.csproj", "{BEB679CC-B63A-6AE9-CEFF-54F68FBE3412}"
EndProject
Project("{FAE04EC0-301F-11D3-BF4B-00C04F79EFBC}") = "Mirror.Editor", "Mirror.Editor.csproj", "{5D06BA73-805B-DD73-17D5-043BB8834191}"
EndProject
Project("{FAE04EC0-301F-11D3-BF4B-00C04F79EFBC}") = "Mirror.CompilerSymbols", "Mirror.CompilerSymbols.csproj", "{B34349D0-11D3-1EDB-515B-A4190A653CAA}"
EndProject
Global
	GlobalSection(SolutionConfigurationPlatforms) = preSolution
		Debug|Any CPU = Debug|Any CPU
		Release|Any CPU = Release|Any CPU
	EndGlobalSection
	GlobalSection(ProjectConfigurationPlatforms) = postSolution
		{50452E5D-96F5-49C1-1909-9C2A338E4A24}.Debug|Any CPU.ActiveCfg = Debug|Any CPU
		{50452E5D-96F5-49C1-1909-9C2A338E4A24}.Debug|Any CPU.Build.0 = Debug|Any CPU
		{50452E5D-96F5-49C1-1909-9C2A338E4A24}.Release|Any CPU.ActiveCfg = Release|Any CPU
		{50452E5D-96F5-49C1-1909-9C2A338E4A24}.Release|Any CPU.Build.0 = Release|Any CPU
		{5FA8326F-D5DD-C1E3-275D-3D05902B0474}.Debug|Any CPU.ActiveCfg = Debug|Any CPU
		{5FA8326F-D5DD-C1E3-275D-3D05902B0474}.Debug|Any CPU.Build.0 = Debug|Any CPU
		{5FA8326F-D5DD-C1E3-275D-3D05902B0474}.Release|Any CPU.ActiveCfg = Release|Any CPU
		{5FA8326F-D5DD-C1E3-275D-3D05902B0474}.Release|Any CPU.Build.0 = Release|Any CPU
		{E5E5A31B-0827-5EEC-3CBD-E4D77B7FF61B}.Debug|Any CPU.ActiveCfg = Debug|Any CPU
		{E5E5A31B-0827-5EEC-3CBD-E4D77B7FF61B}.Debug|Any CPU.Build.0 = Debug|Any CPU
		{E5E5A31B-0827-5EEC-3CBD-E4D77B7FF61B}.Release|Any CPU.ActiveCfg = Release|Any CPU
		{E5E5A31B-0827-5EEC-3CBD-E4D77B7FF61B}.Release|Any CPU.Build.0 = Release|Any CPU
		{46BF11EB-E718-C50D-5F08-797C091B1306}.Debug|Any CPU.ActiveCfg = Debug|Any CPU
		{46BF11EB-E718-C50D-5F08-797C091B1306}.Debug|Any CPU.Build.0 = Debug|Any CPU
		{46BF11EB-E718-C50D-5F08-797C091B1306}.Release|Any CPU.ActiveCfg = Release|Any CPU
		{46BF11EB-E718-C50D-5F08-797C091B1306}.Release|Any CPU.Build.0 = Release|Any CPU
		{73166D7A-7E4B-2F86-4945-D8E3EFBEF9F7}.Debug|Any CPU.ActiveCfg = Debug|Any CPU
		{73166D7A-7E4B-2F86-4945-D8E3EFBEF9F7}.Debug|Any CPU.Build.0 = Debug|Any CPU
		{73166D7A-7E4B-2F86-4945-D8E3EFBEF9F7}.Release|Any CPU.ActiveCfg = Release|Any CPU
		{73166D7A-7E4B-2F86-4945-D8E3EFBEF9F7}.Release|Any CPU.Build.0 = Release|Any CPU
		{1C852C78-DEBB-02A7-6D9B-B54AA3AD1394}.Debug|Any CPU.ActiveCfg = Debug|Any CPU
		{1C852C78-DEBB-02A7-6D9B-B54AA3AD1394}.Debug|Any CPU.Build.0 = Debug|Any CPU
		{1C852C78-DEBB-02A7-6D9B-B54AA3AD1394}.Release|Any CPU.ActiveCfg = Release|Any CPU
		{1C852C78-DEBB-02A7-6D9B-B54AA3AD1394}.Release|Any CPU.Build.0 = Release|Any CPU
		{F297F581-90D0-D4FD-B8C5-472BDC70D4DE}.Debug|Any CPU.ActiveCfg = Debug|Any CPU
		{F297F581-90D0-D4FD-B8C5-472BDC70D4DE}.Debug|Any CPU.Build.0 = Debug|Any CPU
		{F297F581-90D0-D4FD-B8C5-472BDC70D4DE}.Release|Any CPU.ActiveCfg = Release|Any CPU
		{F297F581-90D0-D4FD-B8C5-472BDC70D4DE}.Release|Any CPU.Build.0 = Release|Any CPU
		{F3D776D1-5FBB-7646-6C77-A68CDE0212A0}.Debug|Any CPU.ActiveCfg = Debug|Any CPU
		{F3D776D1-5FBB-7646-6C77-A68CDE0212A0}.Debug|Any CPU.Build.0 = Debug|Any CPU
		{F3D776D1-5FBB-7646-6C77-A68CDE0212A0}.Release|Any CPU.ActiveCfg = Release|Any CPU
		{F3D776D1-5FBB-7646-6C77-A68CDE0212A0}.Release|Any CPU.Build.0 = Release|Any CPU
		{4CA8995B-03C4-D944-15C8-4C55856DA96C}.Debug|Any CPU.ActiveCfg = Debug|Any CPU
		{4CA8995B-03C4-D944-15C8-4C55856DA96C}.Debug|Any CPU.Build.0 = Debug|Any CPU
		{4CA8995B-03C4-D944-15C8-4C55856DA96C}.Release|Any CPU.ActiveCfg = Release|Any CPU
		{4CA8995B-03C4-D944-15C8-4C55856DA96C}.Release|Any CPU.Build.0 = Release|Any CPU
		{BEB679CC-B63A-6AE9-CEFF-54F68FBE3412}.Debug|Any CPU.ActiveCfg = Debug|Any CPU
		{BEB679CC-B63A-6AE9-CEFF-54F68FBE3412}.Debug|Any CPU.Build.0 = Debug|Any CPU
		{BEB679CC-B63A-6AE9-CEFF-54F68FBE3412}.Release|Any CPU.ActiveCfg = Release|Any CPU
		{BEB679CC-B63A-6AE9-CEFF-54F68FBE3412}.Release|Any CPU.Build.0 = Release|Any CPU
		{5D06BA73-805B-DD73-17D5-043BB8834191}.Debug|Any CPU.ActiveCfg = Debug|Any CPU
		{5D06BA73-805B-DD73-17D5-043BB8834191}.Debug|Any CPU.Build.0 = Debug|Any CPU
		{5D06BA73-805B-DD73-17D5-043BB8834191}.Release|Any CPU.ActiveCfg = Release|Any CPU
		{5D06BA73-805B-DD73-17D5-043BB8834191}.Release|Any CPU.Build.0 = Release|Any CPU
		{B34349D0-11D3-1EDB-515B-A4190A653CAA}.Debug|Any CPU.ActiveCfg = Debug|Any CPU
		{B34349D0-11D3-1EDB-515B-A4190A653CAA}.Debug|Any CPU.Build.0 = Debug|Any CPU
		{B34349D0-11D3-1EDB-515B-A4190A653CAA}.Release|Any CPU.ActiveCfg = Release|Any CPU
		{B34349D0-11D3-1EDB-515B-A4190A653CAA}.Release|Any CPU.Build.0 = Release|Any CPU
	EndGlobalSection
	GlobalSection(SolutionProperties) = preSolution
		HideSolutionNode = FALSE
	EndGlobalSection
EndGlobal
